// !$*UTF8*$!
{
	archiveVersion = 1;
	classes = {
	};
	objectVersion = 55;
	objects = {

/* Begin PBXBuildFile section */
		7F647193285839A0008ADCF9 /* AppDelegate.swift in Sources */ = {isa = PBXBuildFile; fileRef = 7F647192285839A0008ADCF9 /* AppDelegate.swift */; };
		7F647195285839A0008ADCF9 /* SceneDelegate.swift in Sources */ = {isa = PBXBuildFile; fileRef = 7F647194285839A0008ADCF9 /* SceneDelegate.swift */; };
		7F647197285839A0008ADCF9 /* ViewController.swift in Sources */ = {isa = PBXBuildFile; fileRef = 7F647196285839A0008ADCF9 /* ViewController.swift */; };
		7F64719A285839A0008ADCF9 /* Main.storyboard in Resources */ = {isa = PBXBuildFile; fileRef = 7F647198285839A0008ADCF9 /* Main.storyboard */; };
		7F64719D285839A0008ADCF9 /* Estee_Lauder.xcdatamodeld in Sources */ = {isa = PBXBuildFile; fileRef = 7F64719B285839A0008ADCF9 /* Estee_Lauder.xcdatamodeld */; };
		7F64719F285839A3008ADCF9 /* Assets.xcassets in Resources */ = {isa = PBXBuildFile; fileRef = 7F64719E285839A3008ADCF9 /* Assets.xcassets */; };
		7F6471A2285839A3008ADCF9 /* LaunchScreen.storyboard in Resources */ = {isa = PBXBuildFile; fileRef = 7F6471A0285839A3008ADCF9 /* LaunchScreen.storyboard */; };
		7F6471AD285839A4008ADCF9 /* Estee_LauderTests.swift in Sources */ = {isa = PBXBuildFile; fileRef = 7F6471AC285839A4008ADCF9 /* Estee_LauderTests.swift */; };
		7F6471B7285839A4008ADCF9 /* Estee_LauderUITests.swift in Sources */ = {isa = PBXBuildFile; fileRef = 7F6471B6285839A4008ADCF9 /* Estee_LauderUITests.swift */; };
		7F6471B9285839A4008ADCF9 /* Estee_LauderUITestsLaunchTests.swift in Sources */ = {isa = PBXBuildFile; fileRef = 7F6471B8285839A4008ADCF9 /* Estee_LauderUITestsLaunchTests.swift */; };
		7F647279285AD66F008ADCF9 /* FirstViewController.swift in Sources */ = {isa = PBXBuildFile; fileRef = 7F647278285AD66F008ADCF9 /* FirstViewController.swift */; };
/* End PBXBuildFile section */

/* Begin PBXContainerItemProxy section */
		7F6471A9285839A4008ADCF9 /* PBXContainerItemProxy */ = {
			isa = PBXContainerItemProxy;
			containerPortal = 7F647187285839A0008ADCF9 /* Project object */;
			proxyType = 1;
			remoteGlobalIDString = 7F64718E285839A0008ADCF9;
			remoteInfo = "Estee Lauder";
		};
		7F6471B3285839A4008ADCF9 /* PBXContainerItemProxy */ = {
			isa = PBXContainerItemProxy;
			containerPortal = 7F647187285839A0008ADCF9 /* Project object */;
			proxyType = 1;
			remoteGlobalIDString = 7F64718E285839A0008ADCF9;
			remoteInfo = "Estee Lauder";
		};
/* End PBXContainerItemProxy section */

/* Begin PBXFileReference section */
		7F64718F285839A0008ADCF9 /* Estee Lauder.app */ = {isa = PBXFileReference; explicitFileType = wrapper.application; includeInIndex = 0; path = "Estee Lauder.app"; sourceTree = BUILT_PRODUCTS_DIR; };
		7F647192285839A0008ADCF9 /* AppDelegate.swift */ = {isa = PBXFileReference; lastKnownFileType = sourcecode.swift; path = AppDelegate.swift; sourceTree = "<group>"; };
		7F647194285839A0008ADCF9 /* SceneDelegate.swift */ = {isa = PBXFileReference; lastKnownFileType = sourcecode.swift; path = SceneDelegate.swift; sourceTree = "<group>"; };
		7F647196285839A0008ADCF9 /* ViewController.swift */ = {isa = PBXFileReference; lastKnownFileType = sourcecode.swift; path = ViewController.swift; sourceTree = "<group>"; };
		7F647199285839A0008ADCF9 /* Base */ = {isa = PBXFileReference; lastKnownFileType = file.storyboard; name = Base; path = Base.lproj/Main.storyboard; sourceTree = "<group>"; };
		7F64719C285839A0008ADCF9 /* Estee_Lauder.xcdatamodel */ = {isa = PBXFileReference; lastKnownFileType = wrapper.xcdatamodel; path = Estee_Lauder.xcdatamodel; sourceTree = "<group>"; };
		7F64719E285839A3008ADCF9 /* Assets.xcassets */ = {isa = PBXFileReference; lastKnownFileType = folder.assetcatalog; path = Assets.xcassets; sourceTree = "<group>"; };
		7F6471A1285839A3008ADCF9 /* Base */ = {isa = PBXFileReference; lastKnownFileType = file.storyboard; name = Base; path = Base.lproj/LaunchScreen.storyboard; sourceTree = "<group>"; };
		7F6471A3285839A3008ADCF9 /* Info.plist */ = {isa = PBXFileReference; lastKnownFileType = text.plist.xml; path = Info.plist; sourceTree = "<group>"; };
		7F6471A8285839A4008ADCF9 /* Estee LauderTests.xctest */ = {isa = PBXFileReference; explicitFileType = wrapper.cfbundle; includeInIndex = 0; path = "Estee LauderTests.xctest"; sourceTree = BUILT_PRODUCTS_DIR; };
		7F6471AC285839A4008ADCF9 /* Estee_LauderTests.swift */ = {isa = PBXFileReference; lastKnownFileType = sourcecode.swift; path = Estee_LauderTests.swift; sourceTree = "<group>"; };
		7F6471B2285839A4008ADCF9 /* Estee LauderUITests.xctest */ = {isa = PBXFileReference; explicitFileType = wrapper.cfbundle; includeInIndex = 0; path = "Estee LauderUITests.xctest"; sourceTree = BUILT_PRODUCTS_DIR; };
		7F6471B6285839A4008ADCF9 /* Estee_LauderUITests.swift */ = {isa = PBXFileReference; lastKnownFileType = sourcecode.swift; path = Estee_LauderUITests.swift; sourceTree = "<group>"; };
		7F6471B8285839A4008ADCF9 /* Estee_LauderUITestsLaunchTests.swift */ = {isa = PBXFileReference; lastKnownFileType = sourcecode.swift; path = Estee_LauderUITestsLaunchTests.swift; sourceTree = "<group>"; };
		7F647278285AD66F008ADCF9 /* FirstViewController.swift */ = {isa = PBXFileReference; lastKnownFileType = sourcecode.swift; path = FirstViewController.swift; sourceTree = "<group>"; };
/* End PBXFileReference section */

/* Begin PBXFrameworksBuildPhase section */
		7F64718C285839A0008ADCF9 /* Frameworks */ = {
			isa = PBXFrameworksBuildPhase;
			buildActionMask = 2147483647;
			files = (
			);
			runOnlyForDeploymentPostprocessing = 0;
		};
		7F6471A5285839A4008ADCF9 /* Frameworks */ = {
			isa = PBXFrameworksBuildPhase;
			buildActionMask = 2147483647;
			files = (
			);
			runOnlyForDeploymentPostprocessing = 0;
		};
		7F6471AF285839A4008ADCF9 /* Frameworks */ = {
			isa = PBXFrameworksBuildPhase;
			buildActionMask = 2147483647;
			files = (
			);
			runOnlyForDeploymentPostprocessing = 0;
		};
/* End PBXFrameworksBuildPhase section */

/* Begin PBXGroup section */
		7F647186285839A0008ADCF9 = {
			isa = PBXGroup;
			children = (
				7F647191285839A0008ADCF9 /* Estee Lauder */,
				7F6471AB285839A4008ADCF9 /* Estee LauderTests */,
				7F6471B5285839A4008ADCF9 /* Estee LauderUITests */,
				7F647190285839A0008ADCF9 /* Products */,
			);
			sourceTree = "<group>";
		};
		7F647190285839A0008ADCF9 /* Products */ = {
			isa = PBXGroup;
			children = (
				7F64718F285839A0008ADCF9 /* Estee Lauder.app */,
				7F6471A8285839A4008ADCF9 /* Estee LauderTests.xctest */,
				7F6471B2285839A4008ADCF9 /* Estee LauderUITests.xctest */,
			);
			name = Products;
			sourceTree = "<group>";
		};
		7F647191285839A0008ADCF9 /* Estee Lauder */ = {
			isa = PBXGroup;
			children = (
				7F647273285AC604008ADCF9 /* Components */,
				7F647192285839A0008ADCF9 /* AppDelegate.swift */,
				7F647194285839A0008ADCF9 /* SceneDelegate.swift */,
				7F647196285839A0008ADCF9 /* ViewController.swift */,
				7F647198285839A0008ADCF9 /* Main.storyboard */,
				7F64719E285839A3008ADCF9 /* Assets.xcassets */,
				7F6471A0285839A3008ADCF9 /* LaunchScreen.storyboard */,
				7F6471A3285839A3008ADCF9 /* Info.plist */,
				7F64719B285839A0008ADCF9 /* Estee_Lauder.xcdatamodeld */,
				7F647278285AD66F008ADCF9 /* FirstViewController.swift */,
			);
			path = "Estee Lauder";
			sourceTree = "<group>";
		};
		7F6471AB285839A4008ADCF9 /* Estee LauderTests */ = {
			isa = PBXGroup;
			children = (
				7F6471AC285839A4008ADCF9 /* Estee_LauderTests.swift */,
			);
			path = "Estee LauderTests";
			sourceTree = "<group>";
		};
		7F6471B5285839A4008ADCF9 /* Estee LauderUITests */ = {
			isa = PBXGroup;
			children = (
				7F6471B6285839A4008ADCF9 /* Estee_LauderUITests.swift */,
				7F6471B8285839A4008ADCF9 /* Estee_LauderUITestsLaunchTests.swift */,
			);
			path = "Estee LauderUITests";
			sourceTree = "<group>";
		};
		7F647273285AC604008ADCF9 /* Components */ = {
			isa = PBXGroup;
			children = (
			);
			path = Components;
			sourceTree = "<group>";
		};
/* End PBXGroup section */

/* Begin PBXNativeTarget section */
		7F64718E285839A0008ADCF9 /* Estee Lauder */ = {
			isa = PBXNativeTarget;
			buildConfigurationList = 7F6471BC285839A4008ADCF9 /* Build configuration list for PBXNativeTarget "Estee Lauder" */;
			buildPhases = (
				7F64718B285839A0008ADCF9 /* Sources */,
				7F64718C285839A0008ADCF9 /* Frameworks */,
				7F64718D285839A0008ADCF9 /* Resources */,
			);
			buildRules = (
			);
			dependencies = (
			);
			name = "Estee Lauder";
			productName = "Estee Lauder";
			productReference = 7F64718F285839A0008ADCF9 /* Estee Lauder.app */;
			productType = "com.apple.product-type.application";
		};
		7F6471A7285839A4008ADCF9 /* Estee LauderTests */ = {
			isa = PBXNativeTarget;
			buildConfigurationList = 7F6471BF285839A4008ADCF9 /* Build configuration list for PBXNativeTarget "Estee LauderTests" */;
			buildPhases = (
				7F6471A4285839A4008ADCF9 /* Sources */,
				7F6471A5285839A4008ADCF9 /* Frameworks */,
				7F6471A6285839A4008ADCF9 /* Resources */,
			);
			buildRules = (
			);
			dependencies = (
				7F6471AA285839A4008ADCF9 /* PBXTargetDependency */,
			);
			name = "Estee LauderTests";
			productName = "Estee LauderTests";
			productReference = 7F6471A8285839A4008ADCF9 /* Estee LauderTests.xctest */;
			productType = "com.apple.product-type.bundle.unit-test";
		};
		7F6471B1285839A4008ADCF9 /* Estee LauderUITests */ = {
			isa = PBXNativeTarget;
			buildConfigurationList = 7F6471C2285839A4008ADCF9 /* Build configuration list for PBXNativeTarget "Estee LauderUITests" */;
			buildPhases = (
				7F6471AE285839A4008ADCF9 /* Sources */,
				7F6471AF285839A4008ADCF9 /* Frameworks */,
				7F6471B0285839A4008ADCF9 /* Resources */,
			);
			buildRules = (
			);
			dependencies = (
				7F6471B4285839A4008ADCF9 /* PBXTargetDependency */,
			);
			name = "Estee LauderUITests";
			productName = "Estee LauderUITests";
			productReference = 7F6471B2285839A4008ADCF9 /* Estee LauderUITests.xctest */;
			productType = "com.apple.product-type.bundle.ui-testing";
		};
/* End PBXNativeTarget section */

/* Begin PBXProject section */
		7F647187285839A0008ADCF9 /* Project object */ = {
			isa = PBXProject;
			attributes = {
				BuildIndependentTargetsInParallel = 1;
				LastSwiftUpdateCheck = 1340;
				LastUpgradeCheck = 1340;
				TargetAttributes = {
					7F64718E285839A0008ADCF9 = {
						CreatedOnToolsVersion = 13.4.1;
					};
					7F6471A7285839A4008ADCF9 = {
						CreatedOnToolsVersion = 13.4.1;
						TestTargetID = 7F64718E285839A0008ADCF9;
					};
					7F6471B1285839A4008ADCF9 = {
						CreatedOnToolsVersion = 13.4.1;
						TestTargetID = 7F64718E285839A0008ADCF9;
					};
				};
			};
			buildConfigurationList = 7F64718A285839A0008ADCF9 /* Build configuration list for PBXProject "Estee Lauder" */;
			compatibilityVersion = "Xcode 13.0";
			developmentRegion = en;
			hasScannedForEncodings = 0;
			knownRegions = (
				en,
				Base,
			);
			mainGroup = 7F647186285839A0008ADCF9;
			productRefGroup = 7F647190285839A0008ADCF9 /* Products */;
			projectDirPath = "";
			projectRoot = "";
			targets = (
				7F64718E285839A0008ADCF9 /* Estee Lauder */,
				7F6471A7285839A4008ADCF9 /* Estee LauderTests */,
				7F6471B1285839A4008ADCF9 /* Estee LauderUITests */,
			);
		};
/* End PBXProject section */

/* Begin PBXResourcesBuildPhase section */
		7F64718D285839A0008ADCF9 /* Resources */ = {
			isa = PBXResourcesBuildPhase;
			buildActionMask = 2147483647;
			files = (
				7F6471A2285839A3008ADCF9 /* LaunchScreen.storyboard in Resources */,
				7F64719F285839A3008ADCF9 /* Assets.xcassets in Resources */,
				7F64719A285839A0008ADCF9 /* Main.storyboard in Resources */,
			);
			runOnlyForDeploymentPostprocessing = 0;
		};
		7F6471A6285839A4008ADCF9 /* Resources */ = {
			isa = PBXResourcesBuildPhase;
			buildActionMask = 2147483647;
			files = (
			);
			runOnlyForDeploymentPostprocessing = 0;
		};
		7F6471B0285839A4008ADCF9 /* Resources */ = {
			isa = PBXResourcesBuildPhase;
			buildActionMask = 2147483647;
			files = (
			);
			runOnlyForDeploymentPostprocessing = 0;
		};
/* End PBXResourcesBuildPhase section */

/* Begin PBXSourcesBuildPhase section */
		7F64718B285839A0008ADCF9 /* Sources */ = {
			isa = PBXSourcesBuildPhase;
			buildActionMask = 2147483647;
			files = (
				7F647279285AD66F008ADCF9 /* FirstViewController.swift in Sources */,
				7F647197285839A0008ADCF9 /* ViewController.swift in Sources */,
				7F647193285839A0008ADCF9 /* AppDelegate.swift in Sources */,
				7F647195285839A0008ADCF9 /* SceneDelegate.swift in Sources */,
				7F64719D285839A0008ADCF9 /* Estee_Lauder.xcdatamodeld in Sources */,
			);
			runOnlyForDeploymentPostprocessing = 0;
		};
		7F6471A4285839A4008ADCF9 /* Sources */ = {
			isa = PBXSourcesBuildPhase;
			buildActionMask = 2147483647;
			files = (
				7F6471AD285839A4008ADCF9 /* Estee_LauderTests.swift in Sources */,
			);
			runOnlyForDeploymentPostprocessing = 0;
		};
		7F6471AE285839A4008ADCF9 /* Sources */ = {
			isa = PBXSourcesBuildPhase;
			buildActionMask = 2147483647;
			files = (
				7F6471B9285839A4008ADCF9 /* Estee_LauderUITestsLaunchTests.swift in Sources */,
				7F6471B7285839A4008ADCF9 /* Estee_LauderUITests.swift in Sources */,
			);
			runOnlyForDeploymentPostprocessing = 0;
		};
/* End PBXSourcesBuildPhase section */

/* Begin PBXTargetDependency section */
		7F6471AA285839A4008ADCF9 /* PBXTargetDependency */ = {
			isa = PBXTargetDependency;
			target = 7F64718E285839A0008ADCF9 /* Estee Lauder */;
			targetProxy = 7F6471A9285839A4008ADCF9 /* PBXContainerItemProxy */;
		};
		7F6471B4285839A4008ADCF9 /* PBXTargetDependency */ = {
			isa = PBXTargetDependency;
			target = 7F64718E285839A0008ADCF9 /* Estee Lauder */;
			targetProxy = 7F6471B3285839A4008ADCF9 /* PBXContainerItemProxy */;
		};
/* End PBXTargetDependency section */

/* Begin PBXVariantGroup section */
		7F647198285839A0008ADCF9 /* Main.storyboard */ = {
			isa = PBXVariantGroup;
			children = (
				7F647199285839A0008ADCF9 /* Base */,
			);
			name = Main.storyboard;
			sourceTree = "<group>";
		};
		7F6471A0285839A3008ADCF9 /* LaunchScreen.storyboard */ = {
			isa = PBXVariantGroup;
			children = (
				7F6471A1285839A3008ADCF9 /* Base */,
			);
			name = LaunchScreen.storyboard;
			sourceTree = "<group>";
		};
/* End PBXVariantGroup section */

/* Begin XCBuildConfiguration section */
		7F6471BA285839A4008ADCF9 /* Debug */ = {
			isa = XCBuildConfiguration;
			buildSettings = {
				ALWAYS_SEARCH_USER_PATHS = NO;
				CLANG_ANALYZER_NONNULL = YES;
				CLANG_ANALYZER_NUMBER_OBJECT_CONVERSION = YES_AGGRESSIVE;
				CLANG_CXX_LANGUAGE_STANDARD = "gnu++17";
				CLANG_ENABLE_MODULES = YES;
				CLANG_ENABLE_OBJC_ARC = YES;
				CLANG_ENABLE_OBJC_WEAK = YES;
				CLANG_WARN_BLOCK_CAPTURE_AUTORELEASING = YES;
				CLANG_WARN_BOOL_CONVERSION = YES;
				CLANG_WARN_COMMA = YES;
				CLANG_WARN_CONSTANT_CONVERSION = YES;
				CLANG_WARN_DEPRECATED_OBJC_IMPLEMENTATIONS = YES;
				CLANG_WARN_DIRECT_OBJC_ISA_USAGE = YES_ERROR;
				CLANG_WARN_DOCUMENTATION_COMMENTS = YES;
				CLANG_WARN_EMPTY_BODY = YES;
				CLANG_WARN_ENUM_CONVERSION = YES;
				CLANG_WARN_INFINITE_RECURSION = YES;
				CLANG_WARN_INT_CONVERSION = YES;
				CLANG_WARN_NON_LITERAL_NULL_CONVERSION = YES;
				CLANG_WARN_OBJC_IMPLICIT_RETAIN_SELF = YES;
				CLANG_WARN_OBJC_LITERAL_CONVERSION = YES;
				CLANG_WARN_OBJC_ROOT_CLASS = YES_ERROR;
				CLANG_WARN_QUOTED_INCLUDE_IN_FRAMEWORK_HEADER = YES;
				CLANG_WARN_RANGE_LOOP_ANALYSIS = YES;
				CLANG_WARN_STRICT_PROTOTYPES = YES;
				CLANG_WARN_SUSPICIOUS_MOVE = YES;
				CLANG_WARN_UNGUARDED_AVAILABILITY = YES_AGGRESSIVE;
				CLANG_WARN_UNREACHABLE_CODE = YES;
				CLANG_WARN__DUPLICATE_METHOD_MATCH = YES;
				COPY_PHASE_STRIP = NO;
				DEBUG_INFORMATION_FORMAT = dwarf;
				ENABLE_STRICT_OBJC_MSGSEND = YES;
				ENABLE_TESTABILITY = YES;
				GCC_C_LANGUAGE_STANDARD = gnu11;
				GCC_DYNAMIC_NO_PIC = NO;
				GCC_NO_COMMON_BLOCKS = YES;
				GCC_OPTIMIZATION_LEVEL = 0;
				GCC_PREPROCESSOR_DEFINITIONS = (
					"DEBUG=1",
					"$(inherited)",
				);
				GCC_WARN_64_TO_32_BIT_CONVERSION = YES;
				GCC_WARN_ABOUT_RETURN_TYPE = YES_ERROR;
				GCC_WARN_UNDECLARED_SELECTOR = YES;
				GCC_WARN_UNINITIALIZED_AUTOS = YES_AGGRESSIVE;
				GCC_WARN_UNUSED_FUNCTION = YES;
				GCC_WARN_UNUSED_VARIABLE = YES;
				IPHONEOS_DEPLOYMENT_TARGET = 15.5;
				MTL_ENABLE_DEBUG_INFO = INCLUDE_SOURCE;
				MTL_FAST_MATH = YES;
				ONLY_ACTIVE_ARCH = YES;
				SDKROOT = iphoneos;
				SWIFT_ACTIVE_COMPILATION_CONDITIONS = DEBUG;
				SWIFT_OPTIMIZATION_LEVEL = "-Onone";
			};
			name = Debug;
		};
		7F6471BB285839A4008ADCF9 /* Release */ = {
			isa = XCBuildConfiguration;
			buildSettings = {
				ALWAYS_SEARCH_USER_PATHS = NO;
				CLANG_ANALYZER_NONNULL = YES;
				CLANG_ANALYZER_NUMBER_OBJECT_CONVERSION = YES_AGGRESSIVE;
				CLANG_CXX_LANGUAGE_STANDARD = "gnu++17";
				CLANG_ENABLE_MODULES = YES;
				CLANG_ENABLE_OBJC_ARC = YES;
				CLANG_ENABLE_OBJC_WEAK = YES;
				CLANG_WARN_BLOCK_CAPTURE_AUTORELEASING = YES;
				CLANG_WARN_BOOL_CONVERSION = YES;
				CLANG_WARN_COMMA = YES;
				CLANG_WARN_CONSTANT_CONVERSION = YES;
				CLANG_WARN_DEPRECATED_OBJC_IMPLEMENTATIONS = YES;
				CLANG_WARN_DIRECT_OBJC_ISA_USAGE = YES_ERROR;
				CLANG_WARN_DOCUMENTATION_COMMENTS = YES;
				CLANG_WARN_EMPTY_BODY = YES;
				CLANG_WARN_ENUM_CONVERSION = YES;
				CLANG_WARN_INFINITE_RECURSION = YES;
				CLANG_WARN_INT_CONVERSION = YES;
				CLANG_WARN_NON_LITERAL_NULL_CONVERSION = YES;
				CLANG_WARN_OBJC_IMPLICIT_RETAIN_SELF = YES;
				CLANG_WARN_OBJC_LITERAL_CONVERSION = YES;
				CLANG_WARN_OBJC_ROOT_CLASS = YES_ERROR;
				CLANG_WARN_QUOTED_INCLUDE_IN_FRAMEWORK_HEADER = YES;
				CLANG_WARN_RANGE_LOOP_ANALYSIS = YES;
				CLANG_WARN_STRICT_PROTOTYPES = YES;
				CLANG_WARN_SUSPICIOUS_MOVE = YES;
				CLANG_WARN_UNGUARDED_AVAILABILITY = YES_AGGRESSIVE;
				CLANG_WARN_UNREACHABLE_CODE = YES;
				CLANG_WARN__DUPLICATE_METHOD_MATCH = YES;
				COPY_PHASE_STRIP = NO;
				DEBUG_INFORMATION_FORMAT = "dwarf-with-dsym";
				ENABLE_NS_ASSERTIONS = NO;
				ENABLE_STRICT_OBJC_MSGSEND = YES;
				GCC_C_LANGUAGE_STANDARD = gnu11;
				GCC_NO_COMMON_BLOCKS = YES;
				GCC_WARN_64_TO_32_BIT_CONVERSION = YES;
				GCC_WARN_ABOUT_RETURN_TYPE = YES_ERROR;
				GCC_WARN_UNDECLARED_SELECTOR = YES;
				GCC_WARN_UNINITIALIZED_AUTOS = YES_AGGRESSIVE;
				GCC_WARN_UNUSED_FUNCTION = YES;
				GCC_WARN_UNUSED_VARIABLE = YES;
				IPHONEOS_DEPLOYMENT_TARGET = 15.5;
				MTL_ENABLE_DEBUG_INFO = NO;
				MTL_FAST_MATH = YES;
				SDKROOT = iphoneos;
				SWIFT_COMPILATION_MODE = wholemodule;
				SWIFT_OPTIMIZATION_LEVEL = "-O";
				VALIDATE_PRODUCT = YES;
			};
			name = Release;
		};
		7F6471BD285839A4008ADCF9 /* Debug */ = {
			isa = XCBuildConfiguration;
			buildSettings = {
				ASSETCATALOG_COMPILER_APPICON_NAME = AppIcon;
				ASSETCATALOG_COMPILER_GLOBAL_ACCENT_COLOR_NAME = AccentColor;
				CODE_SIGN_STYLE = Automatic;
				CURRENT_PROJECT_VERSION = 1;
				GENERATE_INFOPLIST_FILE = YES;
				INFOPLIST_FILE = "Estee Lauder/Info.plist";
				INFOPLIST_KEY_UIApplicationSupportsIndirectInputEvents = YES;
				INFOPLIST_KEY_UILaunchStoryboardName = LaunchScreen;
				INFOPLIST_KEY_UIMainStoryboardFile = Main;
				INFOPLIST_KEY_UISupportedInterfaceOrientations_iPad = "UIInterfaceOrientationPortrait UIInterfaceOrientationPortraitUpsideDown UIInterfaceOrientationLandscapeLeft UIInterfaceOrientationLandscapeRight";
				INFOPLIST_KEY_UISupportedInterfaceOrientations_iPhone = "UIInterfaceOrientationPortrait UIInterfaceOrientationLandscapeLeft UIInterfaceOrientationLandscapeRight";
				LD_RUNPATH_SEARCH_PATHS = (
					"$(inherited)",
					"@executable_path/Frameworks",
				);
				MARKETING_VERSION = 1.0;
				PRODUCT_BUNDLE_IDENTIFIER = "HannahGardner.Estee-Lauder";
				PRODUCT_NAME = "$(TARGET_NAME)";
				SWIFT_EMIT_LOC_STRINGS = YES;
				SWIFT_VERSION = 5.0;
				TARGETED_DEVICE_FAMILY = "1,2";
			};
			name = Debug;
		};
		7F6471BE285839A4008ADCF9 /* Release */ = {
			isa = XCBuildConfiguration;
			buildSettings = {
				ASSETCATALOG_COMPILER_APPICON_NAME = AppIcon;
				ASSETCATALOG_COMPILER_GLOBAL_ACCENT_COLOR_NAME = AccentColor;
				CODE_SIGN_STYLE = Automatic;
				CURRENT_PROJECT_VERSION = 1;
				GENERATE_INFOPLIST_FILE = YES;
				INFOPLIST_FILE = "Estee Lauder/Info.plist";
				INFOPLIST_KEY_UIApplicationSupportsIndirectInputEvents = YES;
				INFOPLIST_KEY_UILaunchStoryboardName = LaunchScreen;
				INFOPLIST_KEY_UIMainStoryboardFile = Main;
				INFOPLIST_KEY_UISupportedInterfaceOrientations_iPad = "UIInterfaceOrientationPortrait UIInterfaceOrientationPortraitUpsideDown UIInterfaceOrientationLandscapeLeft UIInterfaceOrientationLandscapeRight";
				INFOPLIST_KEY_UISupportedInterfaceOrientations_iPhone = "UIInterfaceOrientationPortrait UIInterfaceOrientationLandscapeLeft UIInterfaceOrientationLandscapeRight";
				LD_RUNPATH_SEARCH_PATHS = (
					"$(inherited)",
					"@executable_path/Frameworks",
				);
				MARKETING_VERSION = 1.0;
				PRODUCT_BUNDLE_IDENTIFIER = "HannahGardner.Estee-Lauder";
				PRODUCT_NAME = "$(TARGET_NAME)";
				SWIFT_EMIT_LOC_STRINGS = YES;
				SWIFT_VERSION = 5.0;
				TARGETED_DEVICE_FAMILY = "1,2";
			};
			name = Release;
		};
		7F6471C0285839A4008ADCF9 /* Debug */ = {
			isa = XCBuildConfiguration;
			buildSettings = {
				ALWAYS_EMBED_SWIFT_STANDARD_LIBRARIES = YES;
				BUNDLE_LOADER = "$(TEST_HOST)";
				CODE_SIGN_STYLE = Automatic;
				CURRENT_PROJECT_VERSION = 1;
				GENERATE_INFOPLIST_FILE = YES;
				IPHONEOS_DEPLOYMENT_TARGET = 15.5;
				MARKETING_VERSION = 1.0;
				PRODUCT_BUNDLE_IDENTIFIER = "HannahGardner.Estee-LauderTests";
				PRODUCT_NAME = "$(TARGET_NAME)";
				SWIFT_EMIT_LOC_STRINGS = NO;
				SWIFT_VERSION = 5.0;
				TARGETED_DEVICE_FAMILY = "1,2";
				TEST_HOST = "$(BUILT_PRODUCTS_DIR)/Estee Lauder.app/Estee Lauder";
			};
			name = Debug;
		};
		7F6471C1285839A4008ADCF9 /* Release */ = {
			isa = XCBuildConfiguration;
			buildSettings = {
				ALWAYS_EMBED_SWIFT_STANDARD_LIBRARIES = YES;
				BUNDLE_LOADER = "$(TEST_HOST)";
				CODE_SIGN_STYLE = Automatic;
				CURRENT_PROJECT_VERSION = 1;
				GENERATE_INFOPLIST_FILE = YES;
				IPHONEOS_DEPLOYMENT_TARGET = 15.5;
				MARKETING_VERSION = 1.0;
				PRODUCT_BUNDLE_IDENTIFIER = "HannahGardner.Estee-LauderTests";
				PRODUCT_NAME = "$(TARGET_NAME)";
				SWIFT_EMIT_LOC_STRINGS = NO;
				SWIFT_VERSION = 5.0;
				TARGETED_DEVICE_FAMILY = "1,2";
				TEST_HOST = "$(BUILT_PRODUCTS_DIR)/Estee Lauder.app/Estee Lauder";
			};
			name = Release;
		};
		7F6471C3285839A4008ADCF9 /* Debug */ = {
			isa = XCBuildConfiguration;
			buildSettings = {
				ALWAYS_EMBED_SWIFT_STANDARD_LIBRARIES = YES;
				CODE_SIGN_STYLE = Automatic;
				CURRENT_PROJECT_VERSION = 1;
				GENERATE_INFOPLIST_FILE = YES;
				MARKETING_VERSION = 1.0;
				PRODUCT_BUNDLE_IDENTIFIER = "HannahGardner.Estee-LauderUITests";
				PRODUCT_NAME = "$(TARGET_NAME)";
				SWIFT_EMIT_LOC_STRINGS = NO;
				SWIFT_VERSION = 5.0;
				TARGETED_DEVICE_FAMILY = "1,2";
				TEST_TARGET_NAME = "Estee Lauder";
			};
			name = Debug;
		};
		7F6471C4285839A4008ADCF9 /* Release */ = {
			isa = XCBuildConfiguration;
			buildSettings = {
				ALWAYS_EMBED_SWIFT_STANDARD_LIBRARIES = YES;
				CODE_SIGN_STYLE = Automatic;
				CURRENT_PROJECT_VERSION = 1;
				GENERATE_INFOPLIST_FILE = YES;
				MARKETING_VERSION = 1.0;
				PRODUCT_BUNDLE_IDENTIFIER = "HannahGardner.Estee-LauderUITests";
				PRODUCT_NAME = "$(TARGET_NAME)";
				SWIFT_EMIT_LOC_STRINGS = NO;
				SWIFT_VERSION = 5.0;
				TARGETED_DEVICE_FAMILY = "1,2";
				TEST_TARGET_NAME = "Estee Lauder";
			};
			name = Release;
		};
/* End XCBuildConfiguration section */

/* Begin XCConfigurationList section */
		7F64718A285839A0008ADCF9 /* Build configuration list for PBXProject "Estee Lauder" */ = {
			isa = XCConfigurationList;
			buildConfigurations = (
				7F6471BA285839A4008ADCF9 /* Debug */,
				7F6471BB285839A4008ADCF9 /* Release */,
			);
			defaultConfigurationIsVisible = 0;
			defaultConfigurationName = Release;
		};
		7F6471BC285839A4008ADCF9 /* Build configuration list for PBXNativeTarget "Estee Lauder" */ = {
			isa = XCConfigurationList;
			buildConfigurations = (
				7F6471BD285839A4008ADCF9 /* Debug */,
				7F6471BE285839A4008ADCF9 /* Release */,
			);
			defaultConfigurationIsVisible = 0;
			defaultConfigurationName = Release;
		};
		7F6471BF285839A4008ADCF9 /* Build configuration list for PBXNativeTarget "Estee LauderTests" */ = {
			isa = XCConfigurationList;
			buildConfigurations = (
				7F6471C0285839A4008ADCF9 /* Debug */,
				7F6471C1285839A4008ADCF9 /* Release */,
			);
			defaultConfigurationIsVisible = 0;
			defaultConfigurationName = Release;
		};
		7F6471C2285839A4008ADCF9 /* Build configuration list for PBXNativeTarget "Estee LauderUITests" */ = {
			isa = XCConfigurationList;
			buildConfigurations = (
				7F6471C3285839A4008ADCF9 /* Debug */,
				7F6471C4285839A4008ADCF9 /* Release */,
			);
			defaultConfigurationIsVisible = 0;
			defaultConfigurationName = Release;
		};
/* End XCConfigurationList section */

/* Begin XCVersionGroup section */
		7F64719B285839A0008ADCF9 /* Estee_Lauder.xcdatamodeld */ = {
			isa = XCVersionGroup;
			children = (
				7F64719C285839A0008ADCF9 /* Estee_Lauder.xcdatamodel */,
			);
			currentVersion = 7F64719C285839A0008ADCF9 /* Estee_Lauder.xcdatamodel */;
			path = Estee_Lauder.xcdatamodeld;
			sourceTree = "<group>";
			versionGroupType = wrapper.xcdatamodel;
		};
/* End XCVersionGroup section */
	};
	rootObject = 7F647187285839A0008ADCF9 /* Project object */;
}
